dependencies:
- name: postgresql
  repository: https://charts.bitnami.com/bitnami
  version: 12.2.8
- name: redis
  repository: https://charts.bitnami.com/bitnami
  version: 17.8.7
- name: gateway
  repository: https://istio-release.storage.googleapis.com/charts
  version: 1.16.2
digest: sha256:a48ee2d90fda505c00451770efe2188ef9db20ab0920b806e03b74daef8663bf
generated: "2023-09-21T11:12:25.741347203+02:00"
