dependencies:
- name: postgresql
  repository: https://charts.bitnami.com/bitnami
  version: 12.1.15
- name: redis
  repository: https://charts.bitnami.com/bitnami
  version: 17.8.7
- name: gateway
  repository: https://istio-release.storage.googleapis.com/charts
  version: 1.16.2
digest: sha256:2521d564e0bacfcb76aeaab193247184c9ea727cd9b5cb98fbaaefd1edc880e9
generated: "2023-05-31T14:52:31.991038432+02:00"
