dependencies:
- name: postgresql
  repository: https://charts.bitnami.com/bitnami
  version: 12.1.15
- name: redis
  repository: https://charts.bitnami.com/bitnami
  version: 17.8.7
- name: gateway
  repository: https://istio-release.storage.googleapis.com/charts
  version: 1.16.2
digest: sha256:abdf3e6be324987b270a3d5201ce52036cd1a4e8b3858b360eefc2cd33080b34
generated: "2023-09-21T09:19:17.45154369+02:00"
