dependencies:
- name: postgresql
  repository: https://charts.bitnami.com/bitnami
  version: 15.2.5
- name: redis
  repository: https://charts.bitnami.com/bitnami
  version: 17.8.7
- name: gateway
  repository: https://istio-release.storage.googleapis.com/charts
  version: 1.16.2
digest: sha256:53632d3d1a99b0d40f365413c744323f3590312c3386f5f5065872580bfda0e7
generated: "2024-04-29T15:36:50.947943351+02:00"
